
Microsoft Visual Studio Solution File, Format Version 12.00
# Visual Studio Version 16
VisualStudioVersion = 16.0.30011.22
MinimumVisualStudioVersion = 10.0.40219.1
Project("{FAE04EC0-301F-11D3-BF4B-00C04F79EFBC}") = "IoC", "IoC\IoC.csproj", "{1DE55C55-9312-4AA3-978D-5A71CAD6B83E}"
EndProject
Project("{FAE04EC0-301F-11D3-BF4B-00C04F79EFBC}") = "IoC.Tests", "IoC.Tests\IoC.Tests.csproj", "{4D2CAE42-C33F-4152-9F34-9431D299DD44}"
EndProject
Global
	GlobalSection(SolutionConfigurationPlatforms) = preSolution
		Debug|Any CPU = Debug|Any CPU
		Release|Any CPU = Release|Any CPU
	EndGlobalSection
	GlobalSection(ProjectConfigurationPlatforms) = postSolution
		{1DE55C55-9312-4AA3-978D-5A71CAD6B83E}.Debug|Any CPU.ActiveCfg = Debug|Any CPU
		{1DE55C55-9312-4AA3-978D-5A71CAD6B83E}.Debug|Any CPU.Build.0 = Debug|Any CPU
		{1DE55C55-9312-4AA3-978D-5A71CAD6B83E}.Release|Any CPU.ActiveCfg = Release|Any CPU
		{1DE55C55-9312-4AA3-978D-5A71CAD6B83E}.Release|Any CPU.Build.0 = Release|Any CPU
		{4D2CAE42-C33F-4152-9F34-9431D299DD44}.Debug|Any CPU.ActiveCfg = Debug|Any CPU
		{4D2CAE42-C33F-4152-9F34-9431D299DD44}.Debug|Any CPU.Build.0 = Debug|Any CPU
		{4D2CAE42-C33F-4152-9F34-9431D299DD44}.Release|Any CPU.ActiveCfg = Release|Any CPU
		{4D2CAE42-C33F-4152-9F34-9431D299DD44}.Release|Any CPU.Build.0 = Release|Any CPU
	EndGlobalSection
	GlobalSection(SolutionProperties) = preSolution
		HideSolutionNode = FALSE
	EndGlobalSection
	GlobalSection(ExtensibilityGlobals) = postSolution
		SolutionGuid = {16730355-62A5-42A8-B80D-3C476DAFE45D}
	EndGlobalSection
EndGlobal
